
Microsoft Visual Studio Solution File, Format Version 12.00
# Visual Studio Version 17
VisualStudioVersion = 17.14.36121.58
MinimumVisualStudioVersion = 10.0.40219.1
Project("{FAE04EC0-301F-11D3-BF4B-00C04F79EFBC}") = "TripCostsManager.Domain.Entities", "TripCostsManager.Domain.Entities\TripCostsManager.Domain.Entities.csproj", "{186C98A8-8B81-46AD-BA9A-D946C69016C3}"
EndProject
Project("{FAE04EC0-301F-11D3-BF4B-00C04F79EFBC}") = "TripCostsManager.Domain.Database", "TripCostsManager.Domain.Database\TripCostsManager.Domain.Database.csproj", "{9F8FAC43-28C7-492D-80F8-F9A65455A439}"
EndProject
Project("{FAE04EC0-301F-11D3-BF4B-00C04F79EFBC}") = "TripCostsManager", "TripCostsManager\TripCostsManager.csproj", "{83C90F08-4D98-4D77-A10E-44C2EB239FC7}"
EndProject
Global
	GlobalSection(SolutionConfigurationPlatforms) = preSolution
		Debug|Any CPU = Debug|Any CPU
		Release|Any CPU = Release|Any CPU
	EndGlobalSection
	GlobalSection(ProjectConfigurationPlatforms) = postSolution
		{186C98A8-8B81-46AD-BA9A-D946C69016C3}.Debug|Any CPU.ActiveCfg = Debug|Any CPU
		{186C98A8-8B81-46AD-BA9A-D946C69016C3}.Debug|Any CPU.Build.0 = Debug|Any CPU
		{186C98A8-8B81-46AD-BA9A-D946C69016C3}.Release|Any CPU.ActiveCfg = Release|Any CPU
		{186C98A8-8B81-46AD-BA9A-D946C69016C3}.Release|Any CPU.Build.0 = Release|Any CPU
		{9F8FAC43-28C7-492D-80F8-F9A65455A439}.Debug|Any CPU.ActiveCfg = Debug|Any CPU
		{9F8FAC43-28C7-492D-80F8-F9A65455A439}.Debug|Any CPU.Build.0 = Debug|Any CPU
		{9F8FAC43-28C7-492D-80F8-F9A65455A439}.Release|Any CPU.ActiveCfg = Release|Any CPU
		{9F8FAC43-28C7-492D-80F8-F9A65455A439}.Release|Any CPU.Build.0 = Release|Any CPU
		{83C90F08-4D98-4D77-A10E-44C2EB239FC7}.Debug|Any CPU.ActiveCfg = Debug|Any CPU
		{83C90F08-4D98-4D77-A10E-44C2EB239FC7}.Debug|Any CPU.Build.0 = Debug|Any CPU
		{83C90F08-4D98-4D77-A10E-44C2EB239FC7}.Release|Any CPU.ActiveCfg = Release|Any CPU
		{83C90F08-4D98-4D77-A10E-44C2EB239FC7}.Release|Any CPU.Build.0 = Release|Any CPU
	EndGlobalSection
	GlobalSection(SolutionProperties) = preSolution
		HideSolutionNode = FALSE
	EndGlobalSection
	GlobalSection(ExtensibilityGlobals) = postSolution
		SolutionGuid = {7975EDF5-18ED-41A0-A1BA-62AE3E582AC9}
	EndGlobalSection
EndGlobal
